{
  "name": "front-task",
  "version": "1.0.0",
  "lockfileVersion": 1,
  "requires": true,
  "dependencies": {
    "@types/hls.js": {
      "version": "0.10.2",
      "resolved": "https://registry.npmjs.org/@types/hls.js/-/hls.js-0.10.2.tgz",
      "integrity": "sha512-SVy5odWhyO7kKcohDMeW50NhhITM7J4Ijv2okYNnmCRsdGtuCNmxZvD5HgXy6glTl7ypeKD1P8keQrtxSTGZjw==",
      "dev": true
    }
  }
}
